
Microsoft Visual Studio Solution File, Format Version 12.00
# Visual Studio Version 17
VisualStudioVersion = 17.0.31903.59
MinimumVisualStudioVersion = 10.0.40219.1
Project("{2150E333-8FDC-42A3-9474-1A3956D46DE8}") = "src", "src", "{D5393C36-8F8B-4C08-91F0-628C373B1875}"
EndProject
Project("{2150E333-8FDC-42A3-9474-1A3956D46DE8}") = "Core", "Core", "{9ED71C27-476B-4352-92B7-77FD8F6527C1}"
EndProject
Project("{FAE04EC0-301F-11D3-BF4B-00C04F79EFBC}") = "ESys.Domain", "src\Core\ESys.Domain\ESys.Domain.csproj", "{8D5C0E98-C72F-4132-88B4-A50D704E863C}"
EndProject
Project("{FAE04EC0-301F-11D3-BF4B-00C04F79EFBC}") = "ESys.Application", "src\Core\ESys.Application\ESys.Application.csproj", "{0D5F0D98-8307-4395-90A3-E0F6E8B1C245}"
EndProject
Project("{2150E333-8FDC-42A3-9474-1A3956D46DE8}") = "Infrastructure", "Infrastructure", "{B38C4B31-BF8E-4ECA-AF7C-64E58564B833}"
EndProject
Project("{FAE04EC0-301F-11D3-BF4B-00C04F79EFBC}") = "ESys.Persistence", "src\Infrastructure\ESys.Persistence\ESys.Persistence.csproj", "{DA8893B7-67E3-4DB1-B27E-7AEB408F5346}"
EndProject
Project("{FAE04EC0-301F-11D3-BF4B-00C04F79EFBC}") = "ESys.Services", "src\Infrastructure\ESys.Services\ESys.Services.csproj", "{DE4741BE-A50A-4DA6-9987-6BF81A89B533}"
EndProject
Project("{2150E333-8FDC-42A3-9474-1A3956D46DE8}") = "Presentation", "Presentation", "{65D08B15-DB6A-4E59-B325-505999995C8B}"
EndProject
Project("{FAE04EC0-301F-11D3-BF4B-00C04F79EFBC}") = "ESys.API", "src\Presentation\ESys.API\ESys.API.csproj", "{F4699D60-BE5A-4BB8-9A74-3F3D9B2B78F0}"
EndProject
Project("{FAE04EC0-301F-11D3-BF4B-00C04F79EFBC}") = "ESys.MVC", "src\Presentation\ESys.MVC\ESys.MVC.csproj", "{75D357D6-9AAC-417D-B3FE-36F06185FABF}"
EndProject
Global
	GlobalSection(SolutionConfigurationPlatforms) = preSolution
		Debug|Any CPU = Debug|Any CPU
		Release|Any CPU = Release|Any CPU
	EndGlobalSection
	GlobalSection(SolutionProperties) = preSolution
		HideSolutionNode = FALSE
	EndGlobalSection
	GlobalSection(ProjectConfigurationPlatforms) = postSolution
		{8D5C0E98-C72F-4132-88B4-A50D704E863C}.Debug|Any CPU.ActiveCfg = Debug|Any CPU
		{8D5C0E98-C72F-4132-88B4-A50D704E863C}.Debug|Any CPU.Build.0 = Debug|Any CPU
		{8D5C0E98-C72F-4132-88B4-A50D704E863C}.Release|Any CPU.ActiveCfg = Release|Any CPU
		{8D5C0E98-C72F-4132-88B4-A50D704E863C}.Release|Any CPU.Build.0 = Release|Any CPU
		{0D5F0D98-8307-4395-90A3-E0F6E8B1C245}.Debug|Any CPU.ActiveCfg = Debug|Any CPU
		{0D5F0D98-8307-4395-90A3-E0F6E8B1C245}.Debug|Any CPU.Build.0 = Debug|Any CPU
		{0D5F0D98-8307-4395-90A3-E0F6E8B1C245}.Release|Any CPU.ActiveCfg = Release|Any CPU
		{0D5F0D98-8307-4395-90A3-E0F6E8B1C245}.Release|Any CPU.Build.0 = Release|Any CPU
		{DA8893B7-67E3-4DB1-B27E-7AEB408F5346}.Debug|Any CPU.ActiveCfg = Debug|Any CPU
		{DA8893B7-67E3-4DB1-B27E-7AEB408F5346}.Debug|Any CPU.Build.0 = Debug|Any CPU
		{DA8893B7-67E3-4DB1-B27E-7AEB408F5346}.Release|Any CPU.ActiveCfg = Release|Any CPU
		{DA8893B7-67E3-4DB1-B27E-7AEB408F5346}.Release|Any CPU.Build.0 = Release|Any CPU
		{DE4741BE-A50A-4DA6-9987-6BF81A89B533}.Debug|Any CPU.ActiveCfg = Debug|Any CPU
		{DE4741BE-A50A-4DA6-9987-6BF81A89B533}.Debug|Any CPU.Build.0 = Debug|Any CPU
		{DE4741BE-A50A-4DA6-9987-6BF81A89B533}.Release|Any CPU.ActiveCfg = Release|Any CPU
		{DE4741BE-A50A-4DA6-9987-6BF81A89B533}.Release|Any CPU.Build.0 = Release|Any CPU
		{F4699D60-BE5A-4BB8-9A74-3F3D9B2B78F0}.Debug|Any CPU.ActiveCfg = Debug|Any CPU
		{F4699D60-BE5A-4BB8-9A74-3F3D9B2B78F0}.Debug|Any CPU.Build.0 = Debug|Any CPU
		{F4699D60-BE5A-4BB8-9A74-3F3D9B2B78F0}.Release|Any CPU.ActiveCfg = Release|Any CPU
		{F4699D60-BE5A-4BB8-9A74-3F3D9B2B78F0}.Release|Any CPU.Build.0 = Release|Any CPU
		{75D357D6-9AAC-417D-B3FE-36F06185FABF}.Debug|Any CPU.ActiveCfg = Debug|Any CPU
		{75D357D6-9AAC-417D-B3FE-36F06185FABF}.Debug|Any CPU.Build.0 = Debug|Any CPU
		{75D357D6-9AAC-417D-B3FE-36F06185FABF}.Release|Any CPU.ActiveCfg = Release|Any CPU
		{75D357D6-9AAC-417D-B3FE-36F06185FABF}.Release|Any CPU.Build.0 = Release|Any CPU
	EndGlobalSection
	GlobalSection(NestedProjects) = preSolution
		{9ED71C27-476B-4352-92B7-77FD8F6527C1} = {D5393C36-8F8B-4C08-91F0-628C373B1875}
		{8D5C0E98-C72F-4132-88B4-A50D704E863C} = {9ED71C27-476B-4352-92B7-77FD8F6527C1}
		{0D5F0D98-8307-4395-90A3-E0F6E8B1C245} = {9ED71C27-476B-4352-92B7-77FD8F6527C1}
		{B38C4B31-BF8E-4ECA-AF7C-64E58564B833} = {D5393C36-8F8B-4C08-91F0-628C373B1875}
		{DA8893B7-67E3-4DB1-B27E-7AEB408F5346} = {B38C4B31-BF8E-4ECA-AF7C-64E58564B833}
		{DE4741BE-A50A-4DA6-9987-6BF81A89B533} = {B38C4B31-BF8E-4ECA-AF7C-64E58564B833}
		{65D08B15-DB6A-4E59-B325-505999995C8B} = {D5393C36-8F8B-4C08-91F0-628C373B1875}
		{F4699D60-BE5A-4BB8-9A74-3F3D9B2B78F0} = {65D08B15-DB6A-4E59-B325-505999995C8B}
		{75D357D6-9AAC-417D-B3FE-36F06185FABF} = {65D08B15-DB6A-4E59-B325-505999995C8B}
	EndGlobalSection
EndGlobal
